
Microsoft Visual Studio Solution File, Format Version 12.00
# Visual Studio Version 16
VisualStudioVersion = 16.0.29728.190
MinimumVisualStudioVersion = 10.0.40219.1
Project("{FAE04EC0-301F-11D3-BF4B-00C04F79EFBC}") = "ConsoleApp", "ConsoleApp\ConsoleApp.csproj", "{115CC066-3EE3-4572-89B1-86FB7D69C3D8}"
EndProject
Project("{FAE04EC0-301F-11D3-BF4B-00C04F79EFBC}") = "WpfApp", "WpfApp\WpfApp.csproj", "{8DD9D207-2747-4F86-A702-C2FD53053DDE}"
EndProject
Global
	GlobalSection(SolutionConfigurationPlatforms) = preSolution
		Debug|Any CPU = Debug|Any CPU
		Release|Any CPU = Release|Any CPU
	EndGlobalSection
	GlobalSection(ProjectConfigurationPlatforms) = postSolution
		{115CC066-3EE3-4572-89B1-86FB7D69C3D8}.Debug|Any CPU.ActiveCfg = Debug|Any CPU
		{115CC066-3EE3-4572-89B1-86FB7D69C3D8}.Debug|Any CPU.Build.0 = Debug|Any CPU
		{115CC066-3EE3-4572-89B1-86FB7D69C3D8}.Release|Any CPU.ActiveCfg = Release|Any CPU
		{115CC066-3EE3-4572-89B1-86FB7D69C3D8}.Release|Any CPU.Build.0 = Release|Any CPU
		{8DD9D207-2747-4F86-A702-C2FD53053DDE}.Debug|Any CPU.ActiveCfg = Debug|Any CPU
		{8DD9D207-2747-4F86-A702-C2FD53053DDE}.Debug|Any CPU.Build.0 = Debug|Any CPU
		{8DD9D207-2747-4F86-A702-C2FD53053DDE}.Release|Any CPU.ActiveCfg = Release|Any CPU
		{8DD9D207-2747-4F86-A702-C2FD53053DDE}.Release|Any CPU.Build.0 = Release|Any CPU
	EndGlobalSection
	GlobalSection(SolutionProperties) = preSolution
		HideSolutionNode = FALSE
	EndGlobalSection
	GlobalSection(ExtensibilityGlobals) = postSolution
		SolutionGuid = {B2167F04-3338-448D-A6D4-7A3A7853E629}
	EndGlobalSection
EndGlobal
